
Microsoft Visual Studio Solution File, Format Version 12.00
# Visual Studio Version 17
VisualStudioVersion = 17.14.36603.0 d17.14
MinimumVisualStudioVersion = 10.0.40219.1
Project("{FAE04EC0-301F-11D3-BF4B-00C04F79EFBC}") = "GithubDemo", "GithubDemo\GithubDemo.csproj", "{DFD7BC00-C2B0-4B40-9235-59D6438CF268}"
EndProject
Global
	GlobalSection(SolutionConfigurationPlatforms) = preSolution
		Debug|Any CPU = Debug|Any CPU
		Release|Any CPU = Release|Any CPU
	EndGlobalSection
	GlobalSection(ProjectConfigurationPlatforms) = postSolution
		{DFD7BC00-C2B0-4B40-9235-59D6438CF268}.Debug|Any CPU.ActiveCfg = Debug|Any CPU
		{DFD7BC00-C2B0-4B40-9235-59D6438CF268}.Debug|Any CPU.Build.0 = Debug|Any CPU
		{DFD7BC00-C2B0-4B40-9235-59D6438CF268}.Release|Any CPU.ActiveCfg = Release|Any CPU
		{DFD7BC00-C2B0-4B40-9235-59D6438CF268}.Release|Any CPU.Build.0 = Release|Any CPU
	EndGlobalSection
	GlobalSection(SolutionProperties) = preSolution
		HideSolutionNode = FALSE
	EndGlobalSection
	GlobalSection(ExtensibilityGlobals) = postSolution
		SolutionGuid = {2DB602F0-C4BE-4E2F-AB56-DEAF38175795}
	EndGlobalSection
EndGlobal
